<?xml version="1.0" encoding="utf-8"?>
<Project ToolsVersion="4.0" xmlns="http://schemas.microsoft.com/developer/msbuild/2003">
  <ItemGroup>
    <Filter Include="Math">
      <UniqueIdentifier>{4FC737F1-C7A5-4376-A066-2A32D752A2FF}</UniqueIdentifier>
      <Extensions>cpp;c;cc;cxx;def;odl;idl;hpj;bat;asm;asmx</Extensions>
    </Filter>
    <Filter Include="Renderer">
      <UniqueIdentifier>{ddb17eba-e15e-4597-8bf6-064b16b159d3}</UniqueIdentifier>
    </Filter>
    <Filter Include="Helpers">
      <UniqueIdentifier>{72056cb6-72a2-42b7-b05e-376f1ddd957e}</UniqueIdentifier>
    </Filter>
    <Filter Include="Renderer\Scenes">
      <UniqueIdentifier>{f6e4aae7-504d-4117-80b6-7f5c09fbe4a2}</UniqueIdentifier>
    </Filter>
    <Filter Include="Renderer\Objects">
      <UniqueIdentifier>{2e1dff5d-8873-4038-afbf-3da3e03b9ca2}</UniqueIdentifier>
    </Filter>
    <Filter Include="Renderer\Rendering">
      <UniqueIdentifier>{28d86e70-6ad1-47d0-97bd-2888a0f07898}</UniqueIdentifier>
    </Filter>
    <Filter Include="Renderer\Lights">
      <UniqueIdentifier>{60f5fc12-9fec-4cc4-8377-377de6cdeda4}</UniqueIdentifier>
    </Filter>
    <Filter Include="Renderer\Materials">
      <UniqueIdentifier>{abe63ea3-68a3-4c6d-baa3-24d9ecdbb727}</UniqueIdentifier>
    </Filter>
  </ItemGroup>
  <ItemGroup>
    <None Include="RayTracer.props" />
  </ItemGroup>
  <ItemGroup>
    <ClInclude Include="EMath.h">
      <Filter>Math</Filter>
    </ClInclude>
    <ClInclude Include="EMathUtilities.h">
      <Filter>Math</Filter>
    </ClInclude>
    <ClInclude Include="EMatrix.h">
      <Filter>Math</Filter>
    </ClInclude>
    <ClInclude Include="EMatrix2.h">
      <Filter>Math</Filter>
    </ClInclude>
    <ClInclude Include="EMatrix3.h">
      <Filter>Math</Filter>
    </ClInclude>
    <ClInclude Include="EMatrix4.h">
      <Filter>Math</Filter>
    </ClInclude>
    <ClInclude Include="EPoint.h">
      <Filter>Math</Filter>
    </ClInclude>
    <ClInclude Include="EPoint2.h">
      <Filter>Math</Filter>
    </ClInclude>
    <ClInclude Include="EPoint3.h">
      <Filter>Math</Filter>
    </ClInclude>
    <ClInclude Include="EPoint4.h">
      <Filter>Math</Filter>
    </ClInclude>
    <ClInclude Include="EVector.h">
      <Filter>Math</Filter>
    </ClInclude>
    <ClInclude Include="EVector2.h">
      <Filter>Math</Filter>
    </ClInclude>
    <ClInclude Include="EVector3.h">
      <Filter>Math</Filter>
    </ClInclude>
    <ClInclude Include="EVector4.h">
      <Filter>Math</Filter>
    </ClInclude>
    <ClInclude Include="ERGBColor.h">
      <Filter>Helpers</Filter>
    </ClInclude>
    <ClInclude Include="ETimer.h">
      <Filter>Helpers</Filter>
    </ClInclude>
    <ClInclude Include="SceneManager.h">
      <Filter>Renderer\Scenes</Filter>
    </ClInclude>
    <ClInclude Include="Scene.h">
      <Filter>Renderer\Scenes</Filter>
    </ClInclude>
    <ClInclude Include="Plane.h">
      <Filter>Renderer\Objects</Filter>
    </ClInclude>
    <ClInclude Include="Object.h">
      <Filter>Renderer\Objects</Filter>
    </ClInclude>
    <ClInclude Include="Sphere.h">
      <Filter>Renderer\Objects</Filter>
    </ClInclude>
    <ClInclude Include="HitRecord.h">
      <Filter>Math</Filter>
    </ClInclude>
    <ClInclude Include="Ray.h">
      <Filter>Math</Filter>
    </ClInclude>
    <ClInclude Include="ERenderer.h">
      <Filter>Renderer\Rendering</Filter>
    </ClInclude>
    <ClInclude Include="ECamera.h">
      <Filter>Renderer\Rendering</Filter>
    </ClInclude>
    <ClInclude Include="Singleton.h">
      <Filter>Renderer</Filter>
    </ClInclude>
    <ClInclude Include="BaseLight.h">
      <Filter>Renderer\Lights</Filter>
    </ClInclude>
    <ClInclude Include="PointLight.h">
      <Filter>Renderer\Lights</Filter>
    </ClInclude>
    <ClInclude Include="LightManager.h">
      <Filter>Renderer\Lights</Filter>
    </ClInclude>
    <ClInclude Include="BaseMaterial.h">
      <Filter>Renderer\Materials</Filter>
    </ClInclude>
    <ClInclude Include="LambertMaterial.h">
      <Filter>Renderer\Materials</Filter>
    </ClInclude>
    <ClInclude Include="DirectionalLight.h">
      <Filter>Renderer\Lights</Filter>
    </ClInclude>
    <ClInclude Include="MaterialManager.h">
      <Filter>Renderer\Materials</Filter>
    </ClInclude>
    <ClInclude Include="EBRDF.h">
      <Filter>Math</Filter>
    </ClInclude>
    <ClInclude Include="PhongMaterial.h">
      <Filter>Renderer\Materials</Filter>
    </ClInclude>
    <ClInclude Include="PBRMaterial.h">
      <Filter>Renderer\Materials</Filter>
    </ClInclude>
    <ClInclude Include="Triangle.h">
      <Filter>Renderer\Objects</Filter>
    </ClInclude>
    <ClInclude Include="Materials.h">
      <Filter>Renderer\Materials</Filter>
    </ClInclude>
    <ClInclude Include="TriangleMesh.h">
      <Filter>Renderer\Objects</Filter>
    </ClInclude>
    <ClInclude Include="Parser.h">
      <Filter>Renderer\Rendering</Filter>
    </ClInclude>
  </ItemGroup>
  <ItemGroup>
    <ClCompile Include="main.cpp" />
    <ClCompile Include="ETimer.cpp">
      <Filter>Helpers</Filter>
    </ClCompile>
    <ClCompile Include="SceneManager.cpp">
      <Filter>Renderer\Scenes</Filter>
    </ClCompile>
    <ClCompile Include="Scene.cpp">
      <Filter>Renderer\Scenes</Filter>
    </ClCompile>
    <ClCompile Include="Plane.cpp">
      <Filter>Renderer\Objects</Filter>
    </ClCompile>
    <ClCompile Include="Object.cpp">
      <Filter>Renderer\Objects</Filter>
    </ClCompile>
    <ClCompile Include="Sphere.cpp">
      <Filter>Renderer\Objects</Filter>
    </ClCompile>
    <ClCompile Include="ERenderer.cpp">
      <Filter>Renderer\Rendering</Filter>
    </ClCompile>
    <ClCompile Include="ECamera.cpp">
      <Filter>Renderer\Rendering</Filter>
    </ClCompile>
    <ClCompile Include="BaseLight.cpp">
      <Filter>Renderer\Lights</Filter>
    </ClCompile>
    <ClCompile Include="PointLight.cpp">
      <Filter>Renderer\Lights</Filter>
    </ClCompile>
    <ClCompile Include="LightManager.cpp">
      <Filter>Renderer\Lights</Filter>
    </ClCompile>
    <ClCompile Include="BaseMaterial.cpp">
      <Filter>Renderer\Materials</Filter>
    </ClCompile>
    <ClCompile Include="LambertMaterial.cpp">
      <Filter>Renderer\Materials</Filter>
    </ClCompile>
    <ClCompile Include="DirectionalLight.cpp">
      <Filter>Renderer\Lights</Filter>
    </ClCompile>
    <ClCompile Include="MaterialManager.cpp">
      <Filter>Renderer\Materials</Filter>
    </ClCompile>
    <ClCompile Include="PhongMaterial.cpp">
      <Filter>Renderer\Materials</Filter>
    </ClCompile>
    <ClCompile Include="PBRMaterial.cpp">
      <Filter>Renderer\Materials</Filter>
    </ClCompile>
    <ClCompile Include="Triangle.cpp">
      <Filter>Renderer\Objects</Filter>
    </ClCompile>
    <ClCompile Include="TriangleMesh.cpp">
      <Filter>Renderer\Objects</Filter>
    </ClCompile>
    <ClCompile Include="Parser.cpp">
      <Filter>Renderer\Rendering</Filter>
    </ClCompile>
  </ItemGroup>
</Project>